
Microsoft Visual Studio Solution File, Format Version 12.00
# Visual Studio Version 17
VisualStudioVersion = 17.0.31903.59
MinimumVisualStudioVersion = 10.0.40219.1
Project("{2150E333-8FDC-42A3-9474-1A3956D46DE8}") = "src", "src", "{97B3996D-0B6F-4FFF-A461-6BEDAA6970DB}"
EndProject
Project("{2150E333-8FDC-42A3-9474-1A3956D46DE8}") = "BooKing.Identity", "BooKing.Identity", "{D94E0CF4-26F5-4EED-9B51-41B4ABC4006B}"
EndProject
Project("{9A19103F-16F7-4668-BE54-9A1E7A4F7556}") = "BooKing.Identity.Domain", "src\BooKing.Identity\BooKing.Identity.Domain\BooKing.Identity.Domain.csproj", "{7CE2D0E9-1BA4-460A-A677-4A5F744C1154}"
EndProject
Project("{9A19103F-16F7-4668-BE54-9A1E7A4F7556}") = "BooKing.Identity.Infra", "src\BooKing.Identity\BooKing.Identity.Infra\BooKing.Identity.Infra.csproj", "{22071F80-70EF-4D84-83F5-795B284BA835}"
EndProject
Project("{2150E333-8FDC-42A3-9474-1A3956D46DE8}") = "BooKing.Generics", "BooKing.Generics", "{9EA064E4-BA30-4773-88F0-A555D8D9B888}"
EndProject
Project("{9A19103F-16F7-4668-BE54-9A1E7A4F7556}") = "BooKing.Generics.Domain", "src\BooKing.Generics\BooKing.Generics.Domain\BooKing.Generics.Domain.csproj", "{B83BF87F-A2B8-42AC-B7AC-79ED0D2383ED}"
EndProject
Project("{9A19103F-16F7-4668-BE54-9A1E7A4F7556}") = "BooKing.Generics.Infra", "src\BooKing.Generics\BooKing.Generics.Infra\BooKing.Generics.Infra.csproj", "{FD9E0B4D-7F8C-446A-A427-A4A254679616}"
EndProject
Project("{9A19103F-16F7-4668-BE54-9A1E7A4F7556}") = "BooKing.Identity.Application", "src\BooKing.Identity\BooKing.Identity.Application\BooKing.Identity.Application.csproj", "{7ADDE8C3-9DA4-48BB-A06C-49CD44ED0746}"
EndProject
Project("{9A19103F-16F7-4668-BE54-9A1E7A4F7556}") = "BooKing.Identity.Api", "src\BooKing.Identity\BooKing.Identity.Api\BooKing.Identity.Api.csproj", "{3CA4B489-BCF7-4866-842C-08EC360E966A}"
EndProject
Project("{9A19103F-16F7-4668-BE54-9A1E7A4F7556}") = "BooKing.Generics.Api", "src\BooKing.Generics\BooKing.Generics.Api\BooKing.Generics.Api.csproj", "{9F29D089-1B79-463D-A388-310C4CC6E605}"
EndProject
Project("{9A19103F-16F7-4668-BE54-9A1E7A4F7556}") = "BooKing.Generics.Outbox", "src\BooKing.Generics\BooKing.Generics.Outbox\BooKing.Generics.Outbox.csproj", "{E2A71FB3-0A93-49A1-A476-B7D9DC9A6505}"
EndProject
Project("{9A19103F-16F7-4668-BE54-9A1E7A4F7556}") = "BooKing.Generics.Bus", "src\BooKing.Generics\BooKing.Generics.Bus\BooKing.Generics.Bus.csproj", "{2C20806A-2F2C-4848-AB29-808F9400FB91}"
EndProject
Project("{2150E333-8FDC-42A3-9474-1A3956D46DE8}") = "BooKing.Outbox", "BooKing.Outbox", "{F26F26AB-3E0A-4E6A-B93B-67CD53901CB9}"
EndProject
Project("{9A19103F-16F7-4668-BE54-9A1E7A4F7556}") = "BooKing.Outbox.Service", "src\BooKing.Outbox\BooKing.Outbox.Service\BooKing.Outbox.Service.csproj", "{E2FCB16A-00BA-4A56-8F8A-424F28722899}"
EndProject
Project("{2150E333-8FDC-42A3-9474-1A3956D46DE8}") = "BooKing.Email", "BooKing.Email", "{24B9EF20-68BF-43D8-B1DC-E2A6AFDCEE8A}"
EndProject
Project("{9A19103F-16F7-4668-BE54-9A1E7A4F7556}") = "BooKing.Email.Service", "src\BooKing.Email\BooKing.Email.Service\BooKing.Email.Service.csproj", "{AF712818-F98F-4EDD-A332-55C0630F59FE}"
EndProject
Project("{E53339B2-1760-4266-BCC7-CA923CBCF16C}") = "docker-compose", "docker-compose.dcproj", "{8CA9254C-E6DF-43F1-A5EE-BEF4D95774EE}"
EndProject
Project("{2150E333-8FDC-42A3-9474-1A3956D46DE8}") = "BooKing.Apartments", "BooKing.Apartments", "{5E2F2F52-D69C-4AFD-96C7-7E96B7EE9213}"
EndProject
Project("{9A19103F-16F7-4668-BE54-9A1E7A4F7556}") = "BooKing.Apartments.Domain", "src\BooKing.Apartments\BooKing.Apartments.Domain\BooKing.Apartments.Domain.csproj", "{79CBFA88-19C7-4A2C-B3B7-87ADDFE17B49}"
EndProject
Project("{9A19103F-16F7-4668-BE54-9A1E7A4F7556}") = "BooKing.Apartments.Infra", "src\BooKing.Apartments\BooKing.Apartments.Infra\BooKing.Apartments.Infra.csproj", "{EC9E5E7C-C368-4CB5-9B6F-DF60BA72B4F4}"
EndProject
Project("{9A19103F-16F7-4668-BE54-9A1E7A4F7556}") = "BooKing.Apartments.Application", "src\BooKing.Apartments\BooKing.Apartments.Application\BooKing.Apartments.Application.csproj", "{B970D545-ED97-4BAB-B496-0AA7192A460C}"
EndProject
Project("{9A19103F-16F7-4668-BE54-9A1E7A4F7556}") = "BooKing.Apartments.Api", "src\BooKing.Apartments\BooKing.Apartments.Api\BooKing.Apartments.Api.csproj", "{3DAAB2C1-E15A-499D-A3EA-DA93E3644DF5}"
EndProject
Project("{9A19103F-16F7-4668-BE54-9A1E7A4F7556}") = "BooKing.Generics.Shared", "src\BooKing.Generics\BooKing.Generics.Shared\BooKing.Generics.Shared.csproj", "{82ABE1D5-8CC8-4785-B8A9-B9F297DD6AAD}"
EndProject
Project("{2150E333-8FDC-42A3-9474-1A3956D46DE8}") = "BooKing.Reserve", "BooKing.Reserve", "{870675DD-CC66-4422-80DF-BB5373D37857}"
EndProject
Project("{9A19103F-16F7-4668-BE54-9A1E7A4F7556}") = "BooKing.Reserve.Domain", "src\BooKing.Reserve\BooKing.Reserve.Domain\BooKing.Reserve.Domain.csproj", "{689D40D4-F8F6-4D24-82F0-C4E69990EA71}"
EndProject
Project("{9A19103F-16F7-4668-BE54-9A1E7A4F7556}") = "BooKing.Reserve.Infra", "src\BooKing.Reserve\BooKing.Reserve.Infra\BooKing.Reserve.Infra.csproj", "{719DBFB3-A321-4495-932D-8699BE1DF30F}"
EndProject
Project("{9A19103F-16F7-4668-BE54-9A1E7A4F7556}") = "BooKing.Reserve.Application", "src\BooKing.Reserve\BooKing.Reserve.Application\BooKing.Reserve.Application.csproj", "{130B59F2-4F6D-4218-B93C-94E353701EB9}"
EndProject
Project("{9A19103F-16F7-4668-BE54-9A1E7A4F7556}") = "BooKing.Reserve.Service", "src\BooKing.Reserve\BooKing.Reserve.Service\BooKing.Reserve.Service.csproj", "{9E543288-4920-4104-9C8D-C38C01A694FD}"
EndProject
Project("{9A19103F-16F7-4668-BE54-9A1E7A4F7556}") = "BooKing.Generics.EventSourcing", "src\BooKing.Generics\BooKing.Generics.EventSourcing\BooKing.Generics.EventSourcing.csproj", "{15FFED67-720A-46BB-89E9-3A38BACC797C}"
EndProject
Project("{9A19103F-16F7-4668-BE54-9A1E7A4F7556}") = "BooKing.Identity.Tests", "src\BooKing.Identity\BooKing.Identity.Tests\BooKing.Identity.Tests.csproj", "{92206869-F2AE-4DCF-AF8A-431063200626}"
EndProject
Project("{9A19103F-16F7-4668-BE54-9A1E7A4F7556}") = "BooKing.Apartments.Tests", "src\BooKing.Apartments\BooKing.Apartments.Tests\BooKing.Apartments.Tests.csproj", "{1938F555-697C-403D-851B-402C1F89F4A7}"
EndProject
Project("{FAE04EC0-301F-11D3-BF4B-00C04F79EFBC}") = "BooKing.Reserve.Tests", "src\BooKing.Reserve\BooKing.Reserve.Tests\BooKing.Reserve.Tests.csproj", "{6432ECA2-34D3-48E9-AA7D-5A3CEE6AABA9}"
EndProject
Project("{FAE04EC0-301F-11D3-BF4B-00C04F79EFBC}") = "BooKing.Reserve.Api", "src\BooKing.Reserve\BooKing.Reserve.Api\BooKing.Reserve.Api.csproj", "{F490C6AB-A685-43A5-844C-6069C9D2288E}"
EndProject
Global
	GlobalSection(SolutionConfigurationPlatforms) = preSolution
		Debug|Any CPU = Debug|Any CPU
		Release|Any CPU = Release|Any CPU
	EndGlobalSection
	GlobalSection(ProjectConfigurationPlatforms) = postSolution
		{7CE2D0E9-1BA4-460A-A677-4A5F744C1154}.Debug|Any CPU.ActiveCfg = Debug|Any CPU
		{7CE2D0E9-1BA4-460A-A677-4A5F744C1154}.Debug|Any CPU.Build.0 = Debug|Any CPU
		{7CE2D0E9-1BA4-460A-A677-4A5F744C1154}.Release|Any CPU.ActiveCfg = Release|Any CPU
		{7CE2D0E9-1BA4-460A-A677-4A5F744C1154}.Release|Any CPU.Build.0 = Release|Any CPU
		{22071F80-70EF-4D84-83F5-795B284BA835}.Debug|Any CPU.ActiveCfg = Debug|Any CPU
		{22071F80-70EF-4D84-83F5-795B284BA835}.Debug|Any CPU.Build.0 = Debug|Any CPU
		{22071F80-70EF-4D84-83F5-795B284BA835}.Release|Any CPU.ActiveCfg = Release|Any CPU
		{22071F80-70EF-4D84-83F5-795B284BA835}.Release|Any CPU.Build.0 = Release|Any CPU
		{B83BF87F-A2B8-42AC-B7AC-79ED0D2383ED}.Debug|Any CPU.ActiveCfg = Debug|Any CPU
		{B83BF87F-A2B8-42AC-B7AC-79ED0D2383ED}.Debug|Any CPU.Build.0 = Debug|Any CPU
		{B83BF87F-A2B8-42AC-B7AC-79ED0D2383ED}.Release|Any CPU.ActiveCfg = Release|Any CPU
		{B83BF87F-A2B8-42AC-B7AC-79ED0D2383ED}.Release|Any CPU.Build.0 = Release|Any CPU
		{FD9E0B4D-7F8C-446A-A427-A4A254679616}.Debug|Any CPU.ActiveCfg = Debug|Any CPU
		{FD9E0B4D-7F8C-446A-A427-A4A254679616}.Debug|Any CPU.Build.0 = Debug|Any CPU
		{FD9E0B4D-7F8C-446A-A427-A4A254679616}.Release|Any CPU.ActiveCfg = Release|Any CPU
		{FD9E0B4D-7F8C-446A-A427-A4A254679616}.Release|Any CPU.Build.0 = Release|Any CPU
		{7ADDE8C3-9DA4-48BB-A06C-49CD44ED0746}.Debug|Any CPU.ActiveCfg = Debug|Any CPU
		{7ADDE8C3-9DA4-48BB-A06C-49CD44ED0746}.Debug|Any CPU.Build.0 = Debug|Any CPU
		{7ADDE8C3-9DA4-48BB-A06C-49CD44ED0746}.Release|Any CPU.ActiveCfg = Release|Any CPU
		{7ADDE8C3-9DA4-48BB-A06C-49CD44ED0746}.Release|Any CPU.Build.0 = Release|Any CPU
		{3CA4B489-BCF7-4866-842C-08EC360E966A}.Debug|Any CPU.ActiveCfg = Debug|Any CPU
		{3CA4B489-BCF7-4866-842C-08EC360E966A}.Debug|Any CPU.Build.0 = Debug|Any CPU
		{3CA4B489-BCF7-4866-842C-08EC360E966A}.Release|Any CPU.ActiveCfg = Release|Any CPU
		{3CA4B489-BCF7-4866-842C-08EC360E966A}.Release|Any CPU.Build.0 = Release|Any CPU
		{9F29D089-1B79-463D-A388-310C4CC6E605}.Debug|Any CPU.ActiveCfg = Debug|Any CPU
		{9F29D089-1B79-463D-A388-310C4CC6E605}.Debug|Any CPU.Build.0 = Debug|Any CPU
		{9F29D089-1B79-463D-A388-310C4CC6E605}.Release|Any CPU.ActiveCfg = Release|Any CPU
		{9F29D089-1B79-463D-A388-310C4CC6E605}.Release|Any CPU.Build.0 = Release|Any CPU
		{E2A71FB3-0A93-49A1-A476-B7D9DC9A6505}.Debug|Any CPU.ActiveCfg = Debug|Any CPU
		{E2A71FB3-0A93-49A1-A476-B7D9DC9A6505}.Debug|Any CPU.Build.0 = Debug|Any CPU
		{E2A71FB3-0A93-49A1-A476-B7D9DC9A6505}.Release|Any CPU.ActiveCfg = Release|Any CPU
		{E2A71FB3-0A93-49A1-A476-B7D9DC9A6505}.Release|Any CPU.Build.0 = Release|Any CPU
		{2C20806A-2F2C-4848-AB29-808F9400FB91}.Debug|Any CPU.ActiveCfg = Debug|Any CPU
		{2C20806A-2F2C-4848-AB29-808F9400FB91}.Debug|Any CPU.Build.0 = Debug|Any CPU
		{2C20806A-2F2C-4848-AB29-808F9400FB91}.Release|Any CPU.ActiveCfg = Release|Any CPU
		{2C20806A-2F2C-4848-AB29-808F9400FB91}.Release|Any CPU.Build.0 = Release|Any CPU
		{E2FCB16A-00BA-4A56-8F8A-424F28722899}.Debug|Any CPU.ActiveCfg = Debug|Any CPU
		{E2FCB16A-00BA-4A56-8F8A-424F28722899}.Debug|Any CPU.Build.0 = Debug|Any CPU
		{E2FCB16A-00BA-4A56-8F8A-424F28722899}.Release|Any CPU.ActiveCfg = Release|Any CPU
		{E2FCB16A-00BA-4A56-8F8A-424F28722899}.Release|Any CPU.Build.0 = Release|Any CPU
		{AF712818-F98F-4EDD-A332-55C0630F59FE}.Debug|Any CPU.ActiveCfg = Debug|Any CPU
		{AF712818-F98F-4EDD-A332-55C0630F59FE}.Debug|Any CPU.Build.0 = Debug|Any CPU
		{AF712818-F98F-4EDD-A332-55C0630F59FE}.Release|Any CPU.ActiveCfg = Release|Any CPU
		{AF712818-F98F-4EDD-A332-55C0630F59FE}.Release|Any CPU.Build.0 = Release|Any CPU
		{8CA9254C-E6DF-43F1-A5EE-BEF4D95774EE}.Debug|Any CPU.ActiveCfg = Debug|Any CPU
		{8CA9254C-E6DF-43F1-A5EE-BEF4D95774EE}.Debug|Any CPU.Build.0 = Debug|Any CPU
		{8CA9254C-E6DF-43F1-A5EE-BEF4D95774EE}.Release|Any CPU.ActiveCfg = Release|Any CPU
		{8CA9254C-E6DF-43F1-A5EE-BEF4D95774EE}.Release|Any CPU.Build.0 = Release|Any CPU
		{79CBFA88-19C7-4A2C-B3B7-87ADDFE17B49}.Debug|Any CPU.ActiveCfg = Debug|Any CPU
		{79CBFA88-19C7-4A2C-B3B7-87ADDFE17B49}.Debug|Any CPU.Build.0 = Debug|Any CPU
		{79CBFA88-19C7-4A2C-B3B7-87ADDFE17B49}.Release|Any CPU.ActiveCfg = Release|Any CPU
		{79CBFA88-19C7-4A2C-B3B7-87ADDFE17B49}.Release|Any CPU.Build.0 = Release|Any CPU
		{EC9E5E7C-C368-4CB5-9B6F-DF60BA72B4F4}.Debug|Any CPU.ActiveCfg = Debug|Any CPU
		{EC9E5E7C-C368-4CB5-9B6F-DF60BA72B4F4}.Debug|Any CPU.Build.0 = Debug|Any CPU
		{EC9E5E7C-C368-4CB5-9B6F-DF60BA72B4F4}.Release|Any CPU.ActiveCfg = Release|Any CPU
		{EC9E5E7C-C368-4CB5-9B6F-DF60BA72B4F4}.Release|Any CPU.Build.0 = Release|Any CPU
		{B970D545-ED97-4BAB-B496-0AA7192A460C}.Debug|Any CPU.ActiveCfg = Debug|Any CPU
		{B970D545-ED97-4BAB-B496-0AA7192A460C}.Debug|Any CPU.Build.0 = Debug|Any CPU
		{B970D545-ED97-4BAB-B496-0AA7192A460C}.Release|Any CPU.ActiveCfg = Release|Any CPU
		{B970D545-ED97-4BAB-B496-0AA7192A460C}.Release|Any CPU.Build.0 = Release|Any CPU
		{3DAAB2C1-E15A-499D-A3EA-DA93E3644DF5}.Debug|Any CPU.ActiveCfg = Debug|Any CPU
		{3DAAB2C1-E15A-499D-A3EA-DA93E3644DF5}.Debug|Any CPU.Build.0 = Debug|Any CPU
		{3DAAB2C1-E15A-499D-A3EA-DA93E3644DF5}.Release|Any CPU.ActiveCfg = Release|Any CPU
		{3DAAB2C1-E15A-499D-A3EA-DA93E3644DF5}.Release|Any CPU.Build.0 = Release|Any CPU
		{82ABE1D5-8CC8-4785-B8A9-B9F297DD6AAD}.Debug|Any CPU.ActiveCfg = Debug|Any CPU
		{82ABE1D5-8CC8-4785-B8A9-B9F297DD6AAD}.Debug|Any CPU.Build.0 = Debug|Any CPU
		{82ABE1D5-8CC8-4785-B8A9-B9F297DD6AAD}.Release|Any CPU.ActiveCfg = Release|Any CPU
		{82ABE1D5-8CC8-4785-B8A9-B9F297DD6AAD}.Release|Any CPU.Build.0 = Release|Any CPU
		{689D40D4-F8F6-4D24-82F0-C4E69990EA71}.Debug|Any CPU.ActiveCfg = Debug|Any CPU
		{689D40D4-F8F6-4D24-82F0-C4E69990EA71}.Debug|Any CPU.Build.0 = Debug|Any CPU
		{689D40D4-F8F6-4D24-82F0-C4E69990EA71}.Release|Any CPU.ActiveCfg = Release|Any CPU
		{689D40D4-F8F6-4D24-82F0-C4E69990EA71}.Release|Any CPU.Build.0 = Release|Any CPU
		{719DBFB3-A321-4495-932D-8699BE1DF30F}.Debug|Any CPU.ActiveCfg = Debug|Any CPU
		{719DBFB3-A321-4495-932D-8699BE1DF30F}.Debug|Any CPU.Build.0 = Debug|Any CPU
		{719DBFB3-A321-4495-932D-8699BE1DF30F}.Release|Any CPU.ActiveCfg = Release|Any CPU
		{719DBFB3-A321-4495-932D-8699BE1DF30F}.Release|Any CPU.Build.0 = Release|Any CPU
		{130B59F2-4F6D-4218-B93C-94E353701EB9}.Debug|Any CPU.ActiveCfg = Debug|Any CPU
		{130B59F2-4F6D-4218-B93C-94E353701EB9}.Debug|Any CPU.Build.0 = Debug|Any CPU
		{130B59F2-4F6D-4218-B93C-94E353701EB9}.Release|Any CPU.ActiveCfg = Release|Any CPU
		{130B59F2-4F6D-4218-B93C-94E353701EB9}.Release|Any CPU.Build.0 = Release|Any CPU
		{9E543288-4920-4104-9C8D-C38C01A694FD}.Debug|Any CPU.ActiveCfg = Debug|Any CPU
		{9E543288-4920-4104-9C8D-C38C01A694FD}.Debug|Any CPU.Build.0 = Debug|Any CPU
		{9E543288-4920-4104-9C8D-C38C01A694FD}.Release|Any CPU.ActiveCfg = Release|Any CPU
		{9E543288-4920-4104-9C8D-C38C01A694FD}.Release|Any CPU.Build.0 = Release|Any CPU
		{15FFED67-720A-46BB-89E9-3A38BACC797C}.Debug|Any CPU.ActiveCfg = Debug|Any CPU
		{15FFED67-720A-46BB-89E9-3A38BACC797C}.Debug|Any CPU.Build.0 = Debug|Any CPU
		{15FFED67-720A-46BB-89E9-3A38BACC797C}.Release|Any CPU.ActiveCfg = Release|Any CPU
		{15FFED67-720A-46BB-89E9-3A38BACC797C}.Release|Any CPU.Build.0 = Release|Any CPU
		{92206869-F2AE-4DCF-AF8A-431063200626}.Debug|Any CPU.ActiveCfg = Debug|Any CPU
		{92206869-F2AE-4DCF-AF8A-431063200626}.Debug|Any CPU.Build.0 = Debug|Any CPU
		{92206869-F2AE-4DCF-AF8A-431063200626}.Release|Any CPU.ActiveCfg = Release|Any CPU
		{92206869-F2AE-4DCF-AF8A-431063200626}.Release|Any CPU.Build.0 = Release|Any CPU
		{1938F555-697C-403D-851B-402C1F89F4A7}.Debug|Any CPU.ActiveCfg = Debug|Any CPU
		{1938F555-697C-403D-851B-402C1F89F4A7}.Debug|Any CPU.Build.0 = Debug|Any CPU
		{1938F555-697C-403D-851B-402C1F89F4A7}.Release|Any CPU.ActiveCfg = Release|Any CPU
		{1938F555-697C-403D-851B-402C1F89F4A7}.Release|Any CPU.Build.0 = Release|Any CPU
		{6432ECA2-34D3-48E9-AA7D-5A3CEE6AABA9}.Debug|Any CPU.ActiveCfg = Debug|Any CPU
		{6432ECA2-34D3-48E9-AA7D-5A3CEE6AABA9}.Debug|Any CPU.Build.0 = Debug|Any CPU
		{6432ECA2-34D3-48E9-AA7D-5A3CEE6AABA9}.Release|Any CPU.ActiveCfg = Release|Any CPU
		{6432ECA2-34D3-48E9-AA7D-5A3CEE6AABA9}.Release|Any CPU.Build.0 = Release|Any CPU
		{F490C6AB-A685-43A5-844C-6069C9D2288E}.Debug|Any CPU.ActiveCfg = Debug|Any CPU
		{F490C6AB-A685-43A5-844C-6069C9D2288E}.Debug|Any CPU.Build.0 = Debug|Any CPU
		{F490C6AB-A685-43A5-844C-6069C9D2288E}.Release|Any CPU.ActiveCfg = Release|Any CPU
		{F490C6AB-A685-43A5-844C-6069C9D2288E}.Release|Any CPU.Build.0 = Release|Any CPU
	EndGlobalSection
	GlobalSection(SolutionProperties) = preSolution
		HideSolutionNode = FALSE
	EndGlobalSection
	GlobalSection(NestedProjects) = preSolution
		{D94E0CF4-26F5-4EED-9B51-41B4ABC4006B} = {97B3996D-0B6F-4FFF-A461-6BEDAA6970DB}
		{7CE2D0E9-1BA4-460A-A677-4A5F744C1154} = {D94E0CF4-26F5-4EED-9B51-41B4ABC4006B}
		{22071F80-70EF-4D84-83F5-795B284BA835} = {D94E0CF4-26F5-4EED-9B51-41B4ABC4006B}
		{9EA064E4-BA30-4773-88F0-A555D8D9B888} = {97B3996D-0B6F-4FFF-A461-6BEDAA6970DB}
		{B83BF87F-A2B8-42AC-B7AC-79ED0D2383ED} = {9EA064E4-BA30-4773-88F0-A555D8D9B888}
		{FD9E0B4D-7F8C-446A-A427-A4A254679616} = {9EA064E4-BA30-4773-88F0-A555D8D9B888}
		{7ADDE8C3-9DA4-48BB-A06C-49CD44ED0746} = {D94E0CF4-26F5-4EED-9B51-41B4ABC4006B}
		{3CA4B489-BCF7-4866-842C-08EC360E966A} = {D94E0CF4-26F5-4EED-9B51-41B4ABC4006B}
		{9F29D089-1B79-463D-A388-310C4CC6E605} = {9EA064E4-BA30-4773-88F0-A555D8D9B888}
		{E2A71FB3-0A93-49A1-A476-B7D9DC9A6505} = {9EA064E4-BA30-4773-88F0-A555D8D9B888}
		{2C20806A-2F2C-4848-AB29-808F9400FB91} = {9EA064E4-BA30-4773-88F0-A555D8D9B888}
		{F26F26AB-3E0A-4E6A-B93B-67CD53901CB9} = {97B3996D-0B6F-4FFF-A461-6BEDAA6970DB}
		{E2FCB16A-00BA-4A56-8F8A-424F28722899} = {F26F26AB-3E0A-4E6A-B93B-67CD53901CB9}
		{24B9EF20-68BF-43D8-B1DC-E2A6AFDCEE8A} = {97B3996D-0B6F-4FFF-A461-6BEDAA6970DB}
		{AF712818-F98F-4EDD-A332-55C0630F59FE} = {24B9EF20-68BF-43D8-B1DC-E2A6AFDCEE8A}
		{5E2F2F52-D69C-4AFD-96C7-7E96B7EE9213} = {97B3996D-0B6F-4FFF-A461-6BEDAA6970DB}
		{79CBFA88-19C7-4A2C-B3B7-87ADDFE17B49} = {5E2F2F52-D69C-4AFD-96C7-7E96B7EE9213}
		{EC9E5E7C-C368-4CB5-9B6F-DF60BA72B4F4} = {5E2F2F52-D69C-4AFD-96C7-7E96B7EE9213}
		{B970D545-ED97-4BAB-B496-0AA7192A460C} = {5E2F2F52-D69C-4AFD-96C7-7E96B7EE9213}
		{3DAAB2C1-E15A-499D-A3EA-DA93E3644DF5} = {5E2F2F52-D69C-4AFD-96C7-7E96B7EE9213}
		{82ABE1D5-8CC8-4785-B8A9-B9F297DD6AAD} = {9EA064E4-BA30-4773-88F0-A555D8D9B888}
		{870675DD-CC66-4422-80DF-BB5373D37857} = {97B3996D-0B6F-4FFF-A461-6BEDAA6970DB}
		{689D40D4-F8F6-4D24-82F0-C4E69990EA71} = {870675DD-CC66-4422-80DF-BB5373D37857}
		{719DBFB3-A321-4495-932D-8699BE1DF30F} = {870675DD-CC66-4422-80DF-BB5373D37857}
		{130B59F2-4F6D-4218-B93C-94E353701EB9} = {870675DD-CC66-4422-80DF-BB5373D37857}
		{9E543288-4920-4104-9C8D-C38C01A694FD} = {870675DD-CC66-4422-80DF-BB5373D37857}
		{15FFED67-720A-46BB-89E9-3A38BACC797C} = {9EA064E4-BA30-4773-88F0-A555D8D9B888}
		{92206869-F2AE-4DCF-AF8A-431063200626} = {D94E0CF4-26F5-4EED-9B51-41B4ABC4006B}
		{1938F555-697C-403D-851B-402C1F89F4A7} = {5E2F2F52-D69C-4AFD-96C7-7E96B7EE9213}
		{6432ECA2-34D3-48E9-AA7D-5A3CEE6AABA9} = {870675DD-CC66-4422-80DF-BB5373D37857}
		{F490C6AB-A685-43A5-844C-6069C9D2288E} = {870675DD-CC66-4422-80DF-BB5373D37857}
	EndGlobalSection
	GlobalSection(ExtensibilityGlobals) = postSolution
		SolutionGuid = {83DDAC6D-5483-44AD-B21F-634C77DACD0F}
	EndGlobalSection
EndGlobal
